
Microsoft Visual Studio Solution File, Format Version 12.00
# Visual Studio Version 17
VisualStudioVersion = 17.13.35723.152
MinimumVisualStudioVersion = 10.0.40219.1
Project("{FAE04EC0-301F-11D3-BF4B-00C04F79EFBC}") = "Hospital.Application", "Hospital.Application\Hospital.Application.csproj", "{2D76D757-7ABD-4A85-B6F8-1119C683643C}"
EndProject
Project("{FAE04EC0-301F-11D3-BF4B-00C04F79EFBC}") = "Hospital.WebApi", "Hospital.WebApi\Hospital.WebApi.csproj", "{703D6031-A789-44E3-B149-AF83C6FEEC2B}"
EndProject
Project("{FAE04EC0-301F-11D3-BF4B-00C04F79EFBC}") = "Hospital.Domain", "Hospital.Domain\Hospital.Domain.csproj", "{BF69BEA3-A18A-473F-95AA-03AA14A621A6}"
EndProject
Project("{FAE04EC0-301F-11D3-BF4B-00C04F79EFBC}") = "Hospital.Infrastructure", "Hospital.Infrastructure\Hospital.Infrastructure.csproj", "{998048DD-9FD6-423F-A966-183AC3C64A22}"
EndProject
Project("{FAE04EC0-301F-11D3-BF4B-00C04F79EFBC}") = "Hospital.AppHost", "Hospital.AppHost\Hospital.AppHost.csproj", "{54AAA30D-4002-4BB8-A0CE-5879B82212A0}"
EndProject
Project("{FAE04EC0-301F-11D3-BF4B-00C04F79EFBC}") = "Hospital.ServiceDefaults", "Hospital.ServiceDefaults\Hospital.ServiceDefaults.csproj", "{5D3424B9-620C-4112-8C14-066BFF252BDA}"
EndProject
Global
	GlobalSection(SolutionConfigurationPlatforms) = preSolution
		Debug|Any CPU = Debug|Any CPU
		Debug|x64 = Debug|x64
		Debug|x86 = Debug|x86
		Release|Any CPU = Release|Any CPU
		Release|x64 = Release|x64
		Release|x86 = Release|x86
	EndGlobalSection
	GlobalSection(ProjectConfigurationPlatforms) = postSolution
		{2D76D757-7ABD-4A85-B6F8-1119C683643C}.Debug|Any CPU.ActiveCfg = Debug|Any CPU
		{2D76D757-7ABD-4A85-B6F8-1119C683643C}.Debug|Any CPU.Build.0 = Debug|Any CPU
		{2D76D757-7ABD-4A85-B6F8-1119C683643C}.Debug|x64.ActiveCfg = Debug|Any CPU
		{2D76D757-7ABD-4A85-B6F8-1119C683643C}.Debug|x64.Build.0 = Debug|Any CPU
		{2D76D757-7ABD-4A85-B6F8-1119C683643C}.Debug|x86.ActiveCfg = Debug|Any CPU
		{2D76D757-7ABD-4A85-B6F8-1119C683643C}.Debug|x86.Build.0 = Debug|Any CPU
		{2D76D757-7ABD-4A85-B6F8-1119C683643C}.Release|Any CPU.ActiveCfg = Release|Any CPU
		{2D76D757-7ABD-4A85-B6F8-1119C683643C}.Release|Any CPU.Build.0 = Release|Any CPU
		{2D76D757-7ABD-4A85-B6F8-1119C683643C}.Release|x64.ActiveCfg = Release|Any CPU
		{2D76D757-7ABD-4A85-B6F8-1119C683643C}.Release|x64.Build.0 = Release|Any CPU
		{2D76D757-7ABD-4A85-B6F8-1119C683643C}.Release|x86.ActiveCfg = Release|Any CPU
		{2D76D757-7ABD-4A85-B6F8-1119C683643C}.Release|x86.Build.0 = Release|Any CPU
		{703D6031-A789-44E3-B149-AF83C6FEEC2B}.Debug|Any CPU.ActiveCfg = Debug|Any CPU
		{703D6031-A789-44E3-B149-AF83C6FEEC2B}.Debug|Any CPU.Build.0 = Debug|Any CPU
		{703D6031-A789-44E3-B149-AF83C6FEEC2B}.Debug|x64.ActiveCfg = Debug|Any CPU
		{703D6031-A789-44E3-B149-AF83C6FEEC2B}.Debug|x64.Build.0 = Debug|Any CPU
		{703D6031-A789-44E3-B149-AF83C6FEEC2B}.Debug|x86.ActiveCfg = Debug|Any CPU
		{703D6031-A789-44E3-B149-AF83C6FEEC2B}.Debug|x86.Build.0 = Debug|Any CPU
		{703D6031-A789-44E3-B149-AF83C6FEEC2B}.Release|Any CPU.ActiveCfg = Release|Any CPU
		{703D6031-A789-44E3-B149-AF83C6FEEC2B}.Release|Any CPU.Build.0 = Release|Any CPU
		{703D6031-A789-44E3-B149-AF83C6FEEC2B}.Release|x64.ActiveCfg = Release|Any CPU
		{703D6031-A789-44E3-B149-AF83C6FEEC2B}.Release|x64.Build.0 = Release|Any CPU
		{703D6031-A789-44E3-B149-AF83C6FEEC2B}.Release|x86.ActiveCfg = Release|Any CPU
		{703D6031-A789-44E3-B149-AF83C6FEEC2B}.Release|x86.Build.0 = Release|Any CPU
		{BF69BEA3-A18A-473F-95AA-03AA14A621A6}.Debug|Any CPU.ActiveCfg = Debug|Any CPU
		{BF69BEA3-A18A-473F-95AA-03AA14A621A6}.Debug|Any CPU.Build.0 = Debug|Any CPU
		{BF69BEA3-A18A-473F-95AA-03AA14A621A6}.Debug|x64.ActiveCfg = Debug|Any CPU
		{BF69BEA3-A18A-473F-95AA-03AA14A621A6}.Debug|x64.Build.0 = Debug|Any CPU
		{BF69BEA3-A18A-473F-95AA-03AA14A621A6}.Debug|x86.ActiveCfg = Debug|Any CPU
		{BF69BEA3-A18A-473F-95AA-03AA14A621A6}.Debug|x86.Build.0 = Debug|Any CPU
		{BF69BEA3-A18A-473F-95AA-03AA14A621A6}.Release|Any CPU.ActiveCfg = Release|Any CPU
		{BF69BEA3-A18A-473F-95AA-03AA14A621A6}.Release|Any CPU.Build.0 = Release|Any CPU
		{BF69BEA3-A18A-473F-95AA-03AA14A621A6}.Release|x64.ActiveCfg = Release|Any CPU
		{BF69BEA3-A18A-473F-95AA-03AA14A621A6}.Release|x64.Build.0 = Release|Any CPU
		{BF69BEA3-A18A-473F-95AA-03AA14A621A6}.Release|x86.ActiveCfg = Release|Any CPU
		{BF69BEA3-A18A-473F-95AA-03AA14A621A6}.Release|x86.Build.0 = Release|Any CPU
		{998048DD-9FD6-423F-A966-183AC3C64A22}.Debug|Any CPU.ActiveCfg = Debug|Any CPU
		{998048DD-9FD6-423F-A966-183AC3C64A22}.Debug|Any CPU.Build.0 = Debug|Any CPU
		{998048DD-9FD6-423F-A966-183AC3C64A22}.Debug|x64.ActiveCfg = Debug|Any CPU
		{998048DD-9FD6-423F-A966-183AC3C64A22}.Debug|x64.Build.0 = Debug|Any CPU
		{998048DD-9FD6-423F-A966-183AC3C64A22}.Debug|x86.ActiveCfg = Debug|Any CPU
		{998048DD-9FD6-423F-A966-183AC3C64A22}.Debug|x86.Build.0 = Debug|Any CPU
		{998048DD-9FD6-423F-A966-183AC3C64A22}.Release|Any CPU.ActiveCfg = Release|Any CPU
		{998048DD-9FD6-423F-A966-183AC3C64A22}.Release|Any CPU.Build.0 = Release|Any CPU
		{998048DD-9FD6-423F-A966-183AC3C64A22}.Release|x64.ActiveCfg = Release|Any CPU
		{998048DD-9FD6-423F-A966-183AC3C64A22}.Release|x64.Build.0 = Release|Any CPU
		{998048DD-9FD6-423F-A966-183AC3C64A22}.Release|x86.ActiveCfg = Release|Any CPU
		{998048DD-9FD6-423F-A966-183AC3C64A22}.Release|x86.Build.0 = Release|Any CPU
		{54AAA30D-4002-4BB8-A0CE-5879B82212A0}.Debug|Any CPU.ActiveCfg = Debug|Any CPU
		{54AAA30D-4002-4BB8-A0CE-5879B82212A0}.Debug|Any CPU.Build.0 = Debug|Any CPU
		{54AAA30D-4002-4BB8-A0CE-5879B82212A0}.Debug|x64.ActiveCfg = Debug|Any CPU
		{54AAA30D-4002-4BB8-A0CE-5879B82212A0}.Debug|x64.Build.0 = Debug|Any CPU
		{54AAA30D-4002-4BB8-A0CE-5879B82212A0}.Debug|x86.ActiveCfg = Debug|Any CPU
		{54AAA30D-4002-4BB8-A0CE-5879B82212A0}.Debug|x86.Build.0 = Debug|Any CPU
		{54AAA30D-4002-4BB8-A0CE-5879B82212A0}.Release|Any CPU.ActiveCfg = Release|Any CPU
		{54AAA30D-4002-4BB8-A0CE-5879B82212A0}.Release|Any CPU.Build.0 = Release|Any CPU
		{54AAA30D-4002-4BB8-A0CE-5879B82212A0}.Release|x64.ActiveCfg = Release|Any CPU
		{54AAA30D-4002-4BB8-A0CE-5879B82212A0}.Release|x64.Build.0 = Release|Any CPU
		{54AAA30D-4002-4BB8-A0CE-5879B82212A0}.Release|x86.ActiveCfg = Release|Any CPU
		{54AAA30D-4002-4BB8-A0CE-5879B82212A0}.Release|x86.Build.0 = Release|Any CPU
		{5D3424B9-620C-4112-8C14-066BFF252BDA}.Debug|Any CPU.ActiveCfg = Debug|Any CPU
		{5D3424B9-620C-4112-8C14-066BFF252BDA}.Debug|Any CPU.Build.0 = Debug|Any CPU
		{5D3424B9-620C-4112-8C14-066BFF252BDA}.Debug|x64.ActiveCfg = Debug|Any CPU
		{5D3424B9-620C-4112-8C14-066BFF252BDA}.Debug|x64.Build.0 = Debug|Any CPU
		{5D3424B9-620C-4112-8C14-066BFF252BDA}.Debug|x86.ActiveCfg = Debug|Any CPU
		{5D3424B9-620C-4112-8C14-066BFF252BDA}.Debug|x86.Build.0 = Debug|Any CPU
		{5D3424B9-620C-4112-8C14-066BFF252BDA}.Release|Any CPU.ActiveCfg = Release|Any CPU
		{5D3424B9-620C-4112-8C14-066BFF252BDA}.Release|Any CPU.Build.0 = Release|Any CPU
		{5D3424B9-620C-4112-8C14-066BFF252BDA}.Release|x64.ActiveCfg = Release|Any CPU
		{5D3424B9-620C-4112-8C14-066BFF252BDA}.Release|x64.Build.0 = Release|Any CPU
		{5D3424B9-620C-4112-8C14-066BFF252BDA}.Release|x86.ActiveCfg = Release|Any CPU
		{5D3424B9-620C-4112-8C14-066BFF252BDA}.Release|x86.Build.0 = Release|Any CPU
	EndGlobalSection
	GlobalSection(SolutionProperties) = preSolution
		HideSolutionNode = FALSE
	EndGlobalSection
	GlobalSection(ExtensibilityGlobals) = postSolution
		SolutionGuid = {AE075685-51D4-4E5A-ADE9-68F5A05F1671}
	EndGlobalSection
EndGlobal
